
Microsoft Visual Studio Solution File, Format Version 12.00
# Visual Studio Version 16
VisualStudioVersion = 16.0.29424.173
MinimumVisualStudioVersion = 10.0.40219.1
Project("{FAE04EC0-301F-11D3-BF4B-00C04F79EFBC}") = "ManageProgramFlow", "csc440FinalPortfolio\ManageProgramFlow.csproj", "{D7D60229-9290-464D-9DCD-33A660F3874F}"
EndProject
Project("{FAE04EC0-301F-11D3-BF4B-00C04F79EFBC}") = "CreateAndUseTypes", "CreateAndUseTypes\CreateAndUseTypes.csproj", "{EA701779-9468-4DEB-9B78-E11BEF002C52}"
EndProject
Project("{FAE04EC0-301F-11D3-BF4B-00C04F79EFBC}") = "DebugApplicationsAndSecurity", "DebugApplicationsAndSecurity\DebugApplicationsAndSecurity.csproj", "{C3DAA4D9-20D6-4683-AC94-4CA6E9184082}"
EndProject
Project("{FAE04EC0-301F-11D3-BF4B-00C04F79EFBC}") = "ImplementDataAccess", "ImplementDataAccess\ImplementDataAccess.csproj", "{10983821-CE6A-4A44-8145-C6E82B4DB995}"
EndProject
Global
	GlobalSection(SolutionConfigurationPlatforms) = preSolution
		Debug|Any CPU = Debug|Any CPU
		Release|Any CPU = Release|Any CPU
	EndGlobalSection
	GlobalSection(ProjectConfigurationPlatforms) = postSolution
		{D7D60229-9290-464D-9DCD-33A660F3874F}.Debug|Any CPU.ActiveCfg = Debug|Any CPU
		{D7D60229-9290-464D-9DCD-33A660F3874F}.Debug|Any CPU.Build.0 = Debug|Any CPU
		{D7D60229-9290-464D-9DCD-33A660F3874F}.Release|Any CPU.ActiveCfg = Release|Any CPU
		{D7D60229-9290-464D-9DCD-33A660F3874F}.Release|Any CPU.Build.0 = Release|Any CPU
		{EA701779-9468-4DEB-9B78-E11BEF002C52}.Debug|Any CPU.ActiveCfg = Debug|Any CPU
		{EA701779-9468-4DEB-9B78-E11BEF002C52}.Debug|Any CPU.Build.0 = Debug|Any CPU
		{EA701779-9468-4DEB-9B78-E11BEF002C52}.Release|Any CPU.ActiveCfg = Release|Any CPU
		{EA701779-9468-4DEB-9B78-E11BEF002C52}.Release|Any CPU.Build.0 = Release|Any CPU
		{C3DAA4D9-20D6-4683-AC94-4CA6E9184082}.Debug|Any CPU.ActiveCfg = Debug|Any CPU
		{C3DAA4D9-20D6-4683-AC94-4CA6E9184082}.Debug|Any CPU.Build.0 = Debug|Any CPU
		{C3DAA4D9-20D6-4683-AC94-4CA6E9184082}.Release|Any CPU.ActiveCfg = Release|Any CPU
		{C3DAA4D9-20D6-4683-AC94-4CA6E9184082}.Release|Any CPU.Build.0 = Release|Any CPU
		{10983821-CE6A-4A44-8145-C6E82B4DB995}.Debug|Any CPU.ActiveCfg = Debug|Any CPU
		{10983821-CE6A-4A44-8145-C6E82B4DB995}.Debug|Any CPU.Build.0 = Debug|Any CPU
		{10983821-CE6A-4A44-8145-C6E82B4DB995}.Release|Any CPU.ActiveCfg = Release|Any CPU
		{10983821-CE6A-4A44-8145-C6E82B4DB995}.Release|Any CPU.Build.0 = Release|Any CPU
	EndGlobalSection
	GlobalSection(SolutionProperties) = preSolution
		HideSolutionNode = FALSE
	EndGlobalSection
	GlobalSection(ExtensibilityGlobals) = postSolution
		SolutionGuid = {A397F580-EE67-4B10-9E4C-E7CE3FCAC1BB}
	EndGlobalSection
EndGlobal
